
Microsoft Visual Studio Solution File, Format Version 12.00
# Visual Studio 15
VisualStudioVersion = 15.0.28307.645
MinimumVisualStudioVersion = 10.0.40219.1
Project("{888888A0-9F3D-457C-B088-3A5042F75D52}") = "Python-10", "Python-10\Python-10.pyproj", "{0C6B1A7C-1D6A-4C0C-BB6A-1D42C95D057B}"
EndProject
Global
	GlobalSection(SolutionConfigurationPlatforms) = preSolution
		Debug|Any CPU = Debug|Any CPU
		Release|Any CPU = Release|Any CPU
	EndGlobalSection
	GlobalSection(ProjectConfigurationPlatforms) = postSolution
		{0C6B1A7C-1D6A-4C0C-BB6A-1D42C95D057B}.Debug|Any CPU.ActiveCfg = Debug|Any CPU
		{0C6B1A7C-1D6A-4C0C-BB6A-1D42C95D057B}.Release|Any CPU.ActiveCfg = Release|Any CPU
	EndGlobalSection
	GlobalSection(SolutionProperties) = preSolution
		HideSolutionNode = FALSE
	EndGlobalSection
	GlobalSection(ExtensibilityGlobals) = postSolution
		SolutionGuid = {E268239C-8ACB-4845-9C8D-F2FCE89D6444}
	EndGlobalSection
EndGlobal
