
Microsoft Visual Studio Solution File, Format Version 12.00
# Visual Studio 15
VisualStudioVersion = 15.0.28307.645
MinimumVisualStudioVersion = 10.0.40219.1
Project("{888888A0-9F3D-457C-B088-3A5042F75D52}") = "Python-21 Dosya_Örnekleri", "Python-21 Dosya_Örnekleri\Python-21 Dosya_Örnekleri.pyproj", "{1EDB7E5E-446B-46CC-96F8-60A21FE626EA}"
EndProject
Global
	GlobalSection(SolutionConfigurationPlatforms) = preSolution
		Debug|Any CPU = Debug|Any CPU
		Release|Any CPU = Release|Any CPU
	EndGlobalSection
	GlobalSection(ProjectConfigurationPlatforms) = postSolution
		{1EDB7E5E-446B-46CC-96F8-60A21FE626EA}.Debug|Any CPU.ActiveCfg = Debug|Any CPU
		{1EDB7E5E-446B-46CC-96F8-60A21FE626EA}.Release|Any CPU.ActiveCfg = Release|Any CPU
	EndGlobalSection
	GlobalSection(SolutionProperties) = preSolution
		HideSolutionNode = FALSE
	EndGlobalSection
	GlobalSection(ExtensibilityGlobals) = postSolution
		SolutionGuid = {7FA81132-9877-4161-927C-90F553284598}
	EndGlobalSection
EndGlobal
