
Microsoft Visual Studio Solution File, Format Version 12.00
# Visual Studio 15
VisualStudioVersion = 15.0.28307.645
MinimumVisualStudioVersion = 10.0.40219.1
Project("{888888A0-9F3D-457C-B088-3A5042F75D52}") = "Python-3", "Python-3\Python-3.pyproj", "{F1C6FDCB-F6EF-4E5E-BDD9-BEAA4FC6947E}"
EndProject
Global
	GlobalSection(SolutionConfigurationPlatforms) = preSolution
		Debug|Any CPU = Debug|Any CPU
		Release|Any CPU = Release|Any CPU
	EndGlobalSection
	GlobalSection(ProjectConfigurationPlatforms) = postSolution
		{F1C6FDCB-F6EF-4E5E-BDD9-BEAA4FC6947E}.Debug|Any CPU.ActiveCfg = Debug|Any CPU
		{F1C6FDCB-F6EF-4E5E-BDD9-BEAA4FC6947E}.Release|Any CPU.ActiveCfg = Release|Any CPU
	EndGlobalSection
	GlobalSection(SolutionProperties) = preSolution
		HideSolutionNode = FALSE
	EndGlobalSection
	GlobalSection(ExtensibilityGlobals) = postSolution
		SolutionGuid = {8B046CEC-3415-43E7-B53F-72CFFC3547E9}
	EndGlobalSection
EndGlobal
