
Microsoft Visual Studio Solution File, Format Version 12.00
# Visual Studio 15
VisualStudioVersion = 15.0.28307.645
MinimumVisualStudioVersion = 10.0.40219.1
Project("{888888A0-9F3D-457C-B088-3A5042F75D52}") = "Python-14 Nesne Tabanlı Programlama", "Python-14 Nesne Tabanlı Programlama\Python-14 Nesne Tabanlı Programlama.pyproj", "{9F1156B2-EA19-469B-96D2-A7869D021699}"
EndProject
Global
	GlobalSection(SolutionConfigurationPlatforms) = preSolution
		Debug|Any CPU = Debug|Any CPU
		Release|Any CPU = Release|Any CPU
	EndGlobalSection
	GlobalSection(ProjectConfigurationPlatforms) = postSolution
		{9F1156B2-EA19-469B-96D2-A7869D021699}.Debug|Any CPU.ActiveCfg = Debug|Any CPU
		{9F1156B2-EA19-469B-96D2-A7869D021699}.Release|Any CPU.ActiveCfg = Release|Any CPU
	EndGlobalSection
	GlobalSection(SolutionProperties) = preSolution
		HideSolutionNode = FALSE
	EndGlobalSection
	GlobalSection(ExtensibilityGlobals) = postSolution
		SolutionGuid = {74305279-6844-499C-88AC-D2A760B9098B}
	EndGlobalSection
EndGlobal
