
Microsoft Visual Studio Solution File, Format Version 12.00
# Visual Studio 15
VisualStudioVersion = 15.0.28307.645
MinimumVisualStudioVersion = 10.0.40219.1
Project("{888888A0-9F3D-457C-B088-3A5042F75D52}") = "Python-12 Modüller", "Python-12 Modüller\Python-12 Modüller.pyproj", "{7AEC2DB5-84D8-4339-807B-946CA2DE91C7}"
EndProject
Global
	GlobalSection(SolutionConfigurationPlatforms) = preSolution
		Debug|Any CPU = Debug|Any CPU
		Release|Any CPU = Release|Any CPU
	EndGlobalSection
	GlobalSection(ProjectConfigurationPlatforms) = postSolution
		{7AEC2DB5-84D8-4339-807B-946CA2DE91C7}.Debug|Any CPU.ActiveCfg = Debug|Any CPU
		{7AEC2DB5-84D8-4339-807B-946CA2DE91C7}.Release|Any CPU.ActiveCfg = Release|Any CPU
	EndGlobalSection
	GlobalSection(SolutionProperties) = preSolution
		HideSolutionNode = FALSE
	EndGlobalSection
	GlobalSection(ExtensibilityGlobals) = postSolution
		SolutionGuid = {570D8956-FA60-4B84-8D0F-E3CF1ADFDDBB}
	EndGlobalSection
EndGlobal
