
Microsoft Visual Studio Solution File, Format Version 12.00
# Visual Studio 15
VisualStudioVersion = 15.0.28307.645
MinimumVisualStudioVersion = 10.0.40219.1
Project("{888888A0-9F3D-457C-B088-3A5042F75D52}") = "Python-18 Dosya_işlemeleri", "Python-18 Dosya_işlemeleri\Python-18 Dosya_işlemeleri.pyproj", "{950EF885-93F1-4325-A0CA-A516B393C473}"
EndProject
Global
	GlobalSection(SolutionConfigurationPlatforms) = preSolution
		Debug|Any CPU = Debug|Any CPU
		Release|Any CPU = Release|Any CPU
	EndGlobalSection
	GlobalSection(ProjectConfigurationPlatforms) = postSolution
		{950EF885-93F1-4325-A0CA-A516B393C473}.Debug|Any CPU.ActiveCfg = Debug|Any CPU
		{950EF885-93F1-4325-A0CA-A516B393C473}.Release|Any CPU.ActiveCfg = Release|Any CPU
	EndGlobalSection
	GlobalSection(SolutionProperties) = preSolution
		HideSolutionNode = FALSE
	EndGlobalSection
	GlobalSection(ExtensibilityGlobals) = postSolution
		SolutionGuid = {8877652B-2896-4377-A86F-873B9E017987}
	EndGlobalSection
EndGlobal
