
Microsoft Visual Studio Solution File, Format Version 12.00
# Visual Studio 15
VisualStudioVersion = 15.0.28307.645
MinimumVisualStudioVersion = 10.0.40219.1
Project("{888888A0-9F3D-457C-B088-3A5042F75D52}") = "Python-1", "Python-1\Python-1.pyproj", "{49678943-C9FF-435A-A812-C7EFD3D38B85}"
EndProject
Global
	GlobalSection(SolutionConfigurationPlatforms) = preSolution
		Debug|Any CPU = Debug|Any CPU
		Release|Any CPU = Release|Any CPU
	EndGlobalSection
	GlobalSection(ProjectConfigurationPlatforms) = postSolution
		{49678943-C9FF-435A-A812-C7EFD3D38B85}.Debug|Any CPU.ActiveCfg = Debug|Any CPU
		{49678943-C9FF-435A-A812-C7EFD3D38B85}.Release|Any CPU.ActiveCfg = Release|Any CPU
	EndGlobalSection
	GlobalSection(SolutionProperties) = preSolution
		HideSolutionNode = FALSE
	EndGlobalSection
	GlobalSection(ExtensibilityGlobals) = postSolution
		SolutionGuid = {3E0CACE9-8214-47C1-B469-8CF5F9953FFF}
	EndGlobalSection
EndGlobal
