
Microsoft Visual Studio Solution File, Format Version 12.00
# Visual Studio 15
VisualStudioVersion = 15.0.28307.645
MinimumVisualStudioVersion = 10.0.40219.1
Project("{888888A0-9F3D-457C-B088-3A5042F75D52}") = "Python-16 Kumanda Sınıfı", "Python-16 Kumanda Sınıfı\Python-16 Kumanda Sınıfı.pyproj", "{C61390B3-DB6A-4D06-A88E-13A8748313F5}"
EndProject
Global
	GlobalSection(SolutionConfigurationPlatforms) = preSolution
		Debug|Any CPU = Debug|Any CPU
		Release|Any CPU = Release|Any CPU
	EndGlobalSection
	GlobalSection(ProjectConfigurationPlatforms) = postSolution
		{C61390B3-DB6A-4D06-A88E-13A8748313F5}.Debug|Any CPU.ActiveCfg = Debug|Any CPU
		{C61390B3-DB6A-4D06-A88E-13A8748313F5}.Release|Any CPU.ActiveCfg = Release|Any CPU
	EndGlobalSection
	GlobalSection(SolutionProperties) = preSolution
		HideSolutionNode = FALSE
	EndGlobalSection
	GlobalSection(ExtensibilityGlobals) = postSolution
		SolutionGuid = {4C451918-EDF0-45DF-9B80-DFEE5C950852}
	EndGlobalSection
EndGlobal
